{
  "object": {
    "pins": [
      {
        "package": "Atomics",
        "repositoryURL": "https://github.com/glessard/swift-atomics",
        "state": {
          "branch": null,
          "revision": "f9294b963bc9a2f455e6aea9b279378c42d9f699",
          "version": "4.0.0"
        }
      }
    ]
  },
  "version": 1
}
