{
  "object": {
    "pins": [
      {
        "package": "Atomics",
        "repositoryURL": "https://github.com/glessard/swift-atomics",
        "state": {
          "branch": null,
          "revision": "f9294b963bc9a2f455e6aea9b279378c42d9f699",
          "version": "4.0.0"
        }
      },
      {
        "package": "SwiftCheck",
        "repositoryURL": "https://github.com/typelift/SwiftCheck.git",
        "state": {
          "branch": null,
          "revision": "2e136441c8096bb1e5d3c2b12bdd63f8a45a674b",
          "version": "0.8.1"
        }
      }
    ]
  },
  "version": 1
}
